
Microsoft Visual Studio Solution File, Format Version 12.00
# Visual Studio Version 17
VisualStudioVersion = 17.5.33530.505
MinimumVisualStudioVersion = 10.0.40219.1
Project("{FAE04EC0-301F-11D3-BF4B-00C04F79EFBC}") = "WpfMiAgenda", "WpfMiAgenda.csproj", "{7762EF45-64A6-4E2B-96F3-CE02B41F64DC}"
EndProject
Global
	GlobalSection(SolutionConfigurationPlatforms) = preSolution
		Debug|Any CPU = Debug|Any CPU
		Release|Any CPU = Release|Any CPU
	EndGlobalSection
	GlobalSection(ProjectConfigurationPlatforms) = postSolution
		{7762EF45-64A6-4E2B-96F3-CE02B41F64DC}.Debug|Any CPU.ActiveCfg = Debug|Any CPU
		{7762EF45-64A6-4E2B-96F3-CE02B41F64DC}.Debug|Any CPU.Build.0 = Debug|Any CPU
		{7762EF45-64A6-4E2B-96F3-CE02B41F64DC}.Release|Any CPU.ActiveCfg = Release|Any CPU
		{7762EF45-64A6-4E2B-96F3-CE02B41F64DC}.Release|Any CPU.Build.0 = Release|Any CPU
	EndGlobalSection
	GlobalSection(SolutionProperties) = preSolution
		HideSolutionNode = FALSE
	EndGlobalSection
	GlobalSection(ExtensibilityGlobals) = postSolution
		SolutionGuid = {C98DA80A-FEB3-4CDD-A856-22C732FD5EF4}
	EndGlobalSection
EndGlobal
